{
  "requires": true,
  "lockfileVersion": 1,
  "dependencies": {
    "jhlim-print-test": {
      "version": "1.0.0",
      "resolved": "https://registry.npmjs.org/jhlim-print-test/-/jhlim-print-test-1.0.0.tgz",
      "integrity": "sha512-3sj29oOrz8+HYmJTFWT8u87H5Cg2aLQDVMQ0d3Fy85dhu1wLU1QEOwIRH+k3dOfOqx9pV7qAYYhluS3Ipc4GZQ=="
    }
  }
}
